
Microsoft Visual Studio Solution File, Format Version 12.00
# Visual Studio Version 17
VisualStudioVersion = 17.6.33723.286
MinimumVisualStudioVersion = 10.0.40219.1
Project("{9A19103F-16F7-4668-BE54-9A1E7A4F7556}") = "TBGCWeb", "TGBCWeb\TBGCWeb.csproj", "{B3BC41B0-5130-4191-91B7-6A06B5886B7F}"
EndProject
Project("{9A19103F-16F7-4668-BE54-9A1E7A4F7556}") = "DataAccess", "TGBC.DataAccess\DataAccess.csproj", "{10C4B3B6-278A-487C-AEF9-B97FB4EFD512}"
EndProject
Project("{9A19103F-16F7-4668-BE54-9A1E7A4F7556}") = "Models", "TGBC.Models\Models.csproj", "{B6D18C13-0731-4915-ACFB-82D24CB6B16C}"
EndProject
Project("{9A19103F-16F7-4668-BE54-9A1E7A4F7556}") = "Utility", "TGBC.Utility\Utility.csproj", "{8D43E878-A561-4849-8A14-751A02F0ED73}"
EndProject
Global
	GlobalSection(SolutionConfigurationPlatforms) = preSolution
		Debug|Any CPU = Debug|Any CPU
		Release|Any CPU = Release|Any CPU
	EndGlobalSection
	GlobalSection(ProjectConfigurationPlatforms) = postSolution
		{B3BC41B0-5130-4191-91B7-6A06B5886B7F}.Debug|Any CPU.ActiveCfg = Debug|Any CPU
		{B3BC41B0-5130-4191-91B7-6A06B5886B7F}.Debug|Any CPU.Build.0 = Debug|Any CPU
		{B3BC41B0-5130-4191-91B7-6A06B5886B7F}.Release|Any CPU.ActiveCfg = Release|Any CPU
		{B3BC41B0-5130-4191-91B7-6A06B5886B7F}.Release|Any CPU.Build.0 = Release|Any CPU
		{10C4B3B6-278A-487C-AEF9-B97FB4EFD512}.Debug|Any CPU.ActiveCfg = Debug|Any CPU
		{10C4B3B6-278A-487C-AEF9-B97FB4EFD512}.Debug|Any CPU.Build.0 = Debug|Any CPU
		{10C4B3B6-278A-487C-AEF9-B97FB4EFD512}.Release|Any CPU.ActiveCfg = Release|Any CPU
		{10C4B3B6-278A-487C-AEF9-B97FB4EFD512}.Release|Any CPU.Build.0 = Release|Any CPU
		{B6D18C13-0731-4915-ACFB-82D24CB6B16C}.Debug|Any CPU.ActiveCfg = Debug|Any CPU
		{B6D18C13-0731-4915-ACFB-82D24CB6B16C}.Debug|Any CPU.Build.0 = Debug|Any CPU
		{B6D18C13-0731-4915-ACFB-82D24CB6B16C}.Release|Any CPU.ActiveCfg = Release|Any CPU
		{B6D18C13-0731-4915-ACFB-82D24CB6B16C}.Release|Any CPU.Build.0 = Release|Any CPU
		{8D43E878-A561-4849-8A14-751A02F0ED73}.Debug|Any CPU.ActiveCfg = Debug|Any CPU
		{8D43E878-A561-4849-8A14-751A02F0ED73}.Debug|Any CPU.Build.0 = Debug|Any CPU
		{8D43E878-A561-4849-8A14-751A02F0ED73}.Release|Any CPU.ActiveCfg = Release|Any CPU
		{8D43E878-A561-4849-8A14-751A02F0ED73}.Release|Any CPU.Build.0 = Release|Any CPU
	EndGlobalSection
	GlobalSection(SolutionProperties) = preSolution
		HideSolutionNode = FALSE
	EndGlobalSection
	GlobalSection(ExtensibilityGlobals) = postSolution
		SolutionGuid = {848FEB67-0C74-4FB4-AAED-99181BA0C546}
	EndGlobalSection
EndGlobal
